# THIS IS AN AUTOGENERATED FILE. DO NOT EDIT THIS FILE DIRECTLY.
assets/TheanoDidot-Regular-webfont.eot:
  development: 2018-02-28T09:36:35-07:00   4e888ea1e529ef14825365d7537f6e45
assets/TheanoDidot-Regular-webfont.ttf:
  development: 2018-02-28T09:36:35-07:00   8d510de385b6aa0a43cf14f00478fcc2
assets/TheanoDidot-Regular-webfont.woff:
  development: 2018-02-28T09:36:35-07:00   0eb0eda64b6cf4099b22e225e6d18c92
assets/atlantic-icons.eot:
  development: 2018-02-28T09:36:35-07:00   ba150be29731773cba38c80e0f2e54b2
assets/atlantic-icons.ttf:
  development: 2018-02-28T09:36:36-07:00   45e37dada90c95deeb1ad20acfc01195
assets/atlantic-icons.woff:
  development: 2018-02-28T09:36:36-07:00   54d7d4685098802a64b50afb73c06441
assets/butler_bold-webfont.eot:
  development: 2018-02-28T09:36:36-07:00   81aaf57b8353236d63e1cc091f853843
assets/butler_bold-webfont.ttf:
  development: 2018-02-28T09:36:36-07:00   707641f877ab85ea505db2e902d6c941
assets/butler_bold-webfont.woff:
  development: 2018-02-28T09:36:36-07:00   639a0a648835997068d13db12f84db94
assets/butler_bold-webfont.woff2:
  development: 2018-02-28T09:36:36-07:00   54c25549192629707ddf05bd7b44bc47
assets/butler_medium-webfont.eot:
  development: 2018-02-28T09:36:36-07:00   a3b2c6b014644d7746d46ff693e476c6
assets/butler_medium-webfont.ttf:
  development: 2018-02-28T09:36:37-07:00   1efbeb4f6abf9b928f58488d70ab844c
assets/butler_medium-webfont.woff:
  development: 2018-02-28T09:36:37-07:00   f8c047e100336db1c363b34f99b5a987
assets/butler_medium-webfont.woff2:
  development: 2018-02-28T09:36:37-07:00   5ca6658e685d68fb76be1a2e0832ce74
assets/custom.css:
  development: 2018-06-13T20:45:07-06:00   bba2117479b7eeaf05fc74e4451f6670
assets/frissky.bundle.js:
  development: 2018-06-13T22:50:54-06:00   28b4c4d5611b0e5661c28306c5755ffb
assets/giftcard.scss.liquid:
  development: 2018-02-28T09:36:37-07:00
assets/ie-product-overlay-bg.png:
  development: 2018-02-28T09:36:37-07:00   42091b0acb68b61f1a4d14ea5790e3e6
assets/ie-select-toggle-bg.png:
  development: 2018-02-28T09:36:37-07:00   0036771b2e174950184be4250bb2f470
assets/jquery-1.9.min.js:
  development: 2018-02-28T09:36:37-07:00   397754ba49e9e0cf4e7c190da78dda05
assets/jquery.cart.min.js:
  development: 2018-02-28T09:36:38-07:00   4f5af6253c0590a20c227dcdaefdf950
assets/jquery.currencies.js:
  development: 2018-02-28T09:36:38-07:00   fbda3f892f5bfe99013e90c545ecef31
assets/loading.gif:
  development: 2018-02-28T09:36:38-07:00   49e8c599b80a9f24a07d35f7c2b06c8f
assets/main-sprite.png:
  development: 2018-02-28T09:36:38-07:00   c2f139ba80da8fdd31c4c3bfba7eb707
assets/main-sprite@2x.png:
  development: 2018-02-28T09:36:38-07:00   9093e2bf845563bd0a661b02861d9de6
assets/modernizr-2.6.2.min.js:
  development: 2018-02-28T09:36:38-07:00   42306a279a9e831515347ae319181cd1
assets/plugins.js.liquid:
  development: 2018-02-28T09:36:38-07:00   af425952d601ec95c364a7932277ea2c
assets/site.js.liquid:
  development: 2018-02-28T09:36:38-07:00   52ca9e473b71937462ea74c54fc789b9
assets/theme.scss.liquid:
  development: 2018-02-28T09:36:39-07:00   0120e931628ff1dab57319c11d822a23
config/settings_data.json:
  development: 2018-06-12T23:10:20-06:00   e2cf89f400e2821f044489397b88ce2f
config/settings_schema.json:
  development: 2018-02-28T09:36:42-07:00   bf0708ea162ec8fb93cab23a676a558a
layout/password.liquid:
  development: 2018-02-28T09:36:39-07:00   fbdadadbe818cdb6fd754a047ee414a5
layout/theme.liquid:
  development: 2018-06-13T19:19:25-06:00   79aeda557fae8f34801a58097e1050cc
locales/en.default.json:
  development: 2018-02-28T09:36:39-07:00   08e6c65d35c54f6f6ddcef2a6e05cf5f
sections/404-template.liquid:
  development: 2018-02-28T09:36:34-07:00   6e5158ad118009b447f466f9bea09e82
sections/article-template.liquid:
  development: 2018-02-28T09:36:34-07:00   70df70b9e57609035be287e32db92632
sections/blog-template.liquid:
  development: 2018-02-28T09:36:34-07:00   a9f0c31e24bb3005da5b5004a4477ba8
sections/cart-template.liquid:
  development: 2018-02-28T09:36:34-07:00   034b32db14f5e3c547cce99714dd147a
sections/collection-list-template.liquid:
  development: 2018-02-28T09:36:34-07:00   ee3b617aa61dc806ce028c7221074e0d
sections/collection-template.liquid:
  development: 2018-02-28T09:36:34-07:00   f55504137ebaa063283cef57a361ac4a
sections/footer.liquid:
  development: 2018-02-28T09:36:34-07:00   acb21c3c05e1a54e60f4f006662b81ef
sections/header.liquid:
  development: 2018-02-28T09:36:34-07:00   a034d21d28dceeaf4e302c0db185ca10
sections/home-collection-list.liquid:
  development: 2018-02-28T09:36:34-07:00   380d9906e5eda5e50fd8d0bfd2e6fe5e
sections/home-featured-blog.liquid:
  development: 2018-02-28T09:36:34-07:00   cad95b563e6be2bee4a41bc72098fc98
sections/home-featured-collection.liquid:
  development: 2018-02-28T09:36:34-07:00   604b730f793bd987fc92b753c7878a11
sections/home-featured-video.liquid:
  development: 2018-02-28T09:36:34-07:00   ff6429caaeaf887a49fb956a91a3f3d2
sections/home-image-block.liquid:
  development: 2018-02-28T09:36:34-07:00   ef187760d06bdd7d53c3eb8090a942f5
sections/home-instagram-feed.liquid:
  development: 2018-02-28T09:36:34-07:00   f65c1a97942d64e38e9cd0408191cd9c
sections/home-logo-list.liquid:
  development: 2018-02-28T09:36:34-07:00   05364cbc35f8377a0f7098434bdb1f60
sections/home-rich-text.liquid:
  development: 2018-02-28T09:36:34-07:00   2d7f04a3c344df0cc65aeb7485d04a26
sections/home-slideshow.liquid:
  development: 2018-02-28T09:36:34-07:00   181abaa24d2f6f35b54bf28dbcc02e48
sections/home-twitter-feed.liquid:
  development: 2018-02-28T09:36:34-07:00   907906767397e96f1d83ab7effd451a9
sections/page-contact-template.liquid:
  development: 2018-02-28T09:36:35-07:00   ea9b17eb0ca80561b191213debf71e9a
sections/page-template.liquid:
  development: 2018-02-28T09:36:35-07:00   2a941d82d7dffe6c4a68228b9f2e196e
sections/password-template.liquid:
  development: 2018-02-28T09:36:35-07:00   1734deb628372a9f154606116e14500d
sections/product-template.liquid:
  development: 2018-02-28T09:36:35-07:00   c12027f75b3c4bcb65d81e86c2815ce1
sections/search-template.liquid:
  development: 2018-02-28T09:36:35-07:00   581dab5f25e58103a2a7a9255b4a1386
snippets/article-item.liquid:
  development: 2018-02-28T09:36:39-07:00   c364e2fb03218c1c673b34b5648d0099
snippets/blog-sidebar.liquid:
  development: 2018-02-28T09:36:39-07:00   3acab330abd6a79b69a9e63765a21e1f
snippets/breadcrumbs.liquid:
  development: 2018-02-28T09:36:39-07:00   024371184bbf8b69728267be7615bb9e
snippets/collection-list-item.liquid:
  development: 2018-02-28T09:36:39-07:00   ad89f9f03027b2c507c0d29b5a3c3848
snippets/collection-list-onboarding.liquid:
  development: 2018-02-28T09:36:39-07:00   e49c4ddb87bc4f71a2feb1b2d41ed953
snippets/collection-sort.liquid:
  development: 2018-02-28T09:36:39-07:00   8866b75e342cda4a7014a3cb9ddb1d73
snippets/collections.liquid:
  development: 2018-02-28T09:36:39-07:00   bd888d3c022500920a23210967c21e9e
snippets/contact-form.liquid:
  development: 2018-02-28T09:36:39-07:00   9a4d2b0b5a5d3da65b0db42de8ac6fb4
snippets/font-loader.liquid:
  development: 2018-02-28T09:36:39-07:00   25db3fd7559d6c31682d0fa6d305924e
snippets/footer-one.liquid:
  development: 2018-02-28T09:36:39-07:00   048bf4ab328146f68e008d536806fe3c
snippets/footer-payments.liquid:
  development: 2018-02-28T09:36:39-07:00   60edf57ef945412eb04913bcc4414087
snippets/footer-two.liquid:
  development: 2018-02-28T09:36:39-07:00   1bab4cc5136d2b325ac77e52bf9d0da6
snippets/for-looper.liquid:
  development: 2018-02-28T09:36:39-07:00   527e37ca0365fb5b0e04aae22b2d1cfb
snippets/header-compactnav.liquid:
  development: 2018-02-28T09:36:39-07:00   2a30a70175e64beb353e342e6e60dc6e
snippets/header-fullnav.liquid:
  development: 2018-02-28T09:36:40-07:00   3a32a8ac65afeebfbb607a59d8070df7
snippets/header-meganav.liquid:
  development: 2018-02-28T09:36:40-07:00   b2687cb7eec5bbe0d54b9f5a09331671
snippets/header-minimal.liquid:
  development: 2018-02-28T09:36:40-07:00   4bb86935ad30f8b60ecb28c93d377700
snippets/header-mobile-dropdown.liquid:
  development: 2018-02-28T09:36:40-07:00   bb7c5aca02eb4442a63084a8297ffdb8
snippets/header-searchform.liquid:
  development: 2018-02-28T09:36:40-07:00   8b512645d09bae6abd20f17f93b68057
snippets/header-storetitle.liquid:
  development: 2018-02-28T09:36:40-07:00   e9c2a6a31576e5e3bff751466e56e44d
snippets/header-tools.liquid:
  development: 2018-02-28T09:36:40-07:00   aa30b0481e9d7a1127375ccd5c584159
snippets/icon-sprite.svg.liquid:
  development: 2018-02-28T09:36:40-07:00   4825eb963a20681caae66f94bd09c206
snippets/icon.liquid:
  development: 2018-02-28T09:36:40-07:00   37a9dfdbc36ab9ec6edcd3b2be6ec2a5
snippets/icons-sprite.liquid:
  development: 2018-02-28T09:36:40-07:00   b3bd41874b668ad8f2724ff121e9a0bd
snippets/is-dropdown-or-meganav.liquid:
  development: 2018-02-28T09:36:40-07:00   c0301ffb32ea6c6e276c891d67fb8766
snippets/logo-list-onboarding.liquid:
  development: 2018-02-28T09:36:40-07:00   b0d05962a4e8a56ff4f223791b75ac03
snippets/pagination.liquid:
  development: 2018-02-28T09:36:40-07:00   e7a4c575a9c98e9361549efb3bad7c2d
snippets/placeholder_svg_uri.liquid:
  development: 2018-02-28T09:36:40-07:00   b27af0d8f216ec06ec31a4ca38bd99ef
snippets/product-badges.liquid:
  development: 2018-02-28T09:36:40-07:00   92cc93c3b2916f0e7ba32ce5fed964a1
snippets/product-item-demo.liquid:
  development: 2018-02-28T09:36:40-07:00   7bc2eb685db53357780f073db8369f71
snippets/product-item.liquid:
  development: 2018-02-28T09:36:40-07:00   7b1a7a514e0bd93f66d448836d0c55b6
snippets/product-json.liquid:
  development: 2018-02-28T09:36:40-07:00   a2e299b62a32f852205386a886bfd4be
snippets/product-options-dropdown.liquid:
  development: 2018-02-28T09:36:40-07:00   c9c28acd0e3dd6d608dbd5de70a8d63e
snippets/product-quick-shop.liquid:
  development: 2018-02-28T09:36:40-07:00   94ce7cb9862b4b80331de3f8605a9707
snippets/quickshop-json.liquid:
  development: 2018-02-28T09:36:40-07:00   4ec66e2166f218b32df32d9c59014438
snippets/quickshop-options-dropdown.liquid:
  development: 2018-02-28T09:36:40-07:00   1897c7fc79956bf052d030ec06623a98
snippets/search-result.liquid:
  development: 2018-02-28T09:36:40-07:00   9604e0d272d335ddbe3326f94d56ec91
snippets/shipping-calculator.liquid:
  development: 2018-02-28T09:36:41-07:00   048a2c77cd6afd91c159476c95beffab
snippets/social-links.liquid:
  development: 2018-02-28T09:36:41-07:00   9122a6253483c5a36067b2c5bef254a9
snippets/social-meta.liquid:
  development: 2018-02-28T09:36:41-07:00   4db45b73f317c199ef89cbf18a67c506
snippets/svg-sprite.liquid:
  development: 2018-02-28T09:36:41-07:00   c915e44edd01265a53f8f99402a17110
snippets/tags-dropdown.liquid:
  development: 2018-02-28T09:36:41-07:00   506338997feaa0f48205493612ce544e
snippets/tags-list.liquid:
  development: 2018-02-28T09:36:41-07:00   5a75720de69559559742fbe094865a62
snippets/theme-options.liquid:
  development: 2018-02-28T09:36:41-07:00   30e34995eb14a6f758c9a879a225e298
templates/404.liquid:
  development: 2018-02-28T09:36:41-07:00   b0310bf73fb190b0b767d21a4e78ab21
templates/article.liquid:
  development: 2018-02-28T09:36:41-07:00   732a3b3221f92385f2f274b4db69a5eb
templates/blog.liquid:
  development: 2018-02-28T09:36:41-07:00   91c2d9d1599982d4c708d47bf5fc6716
templates/cart.liquid:
  development: 2018-02-28T09:36:41-07:00   dde7ab169fa0692634291eb1d8661366
templates/collection.liquid:
  development: 2018-02-28T09:36:41-07:00   f5828c431b327122f87cad5793058a1d
templates/customers/account.liquid:
  development: 2018-02-28T09:36:41-07:00   67d5e29d6533c9aee4a509514d9aa6c2
templates/customers/activate_account.liquid:
  development: 2018-02-28T09:36:41-07:00   13a025fe58d3a322fc0d1704d5a2be49
templates/customers/addresses.liquid:
  development: 2018-02-28T09:36:41-07:00   1918a72b52232e3c8f8f3e470dc93d00
templates/customers/login.liquid:
  development: 2018-02-28T09:36:41-07:00   0b16a241ddd1f2a4c2b0bec5f74ed110
templates/customers/order.liquid:
  development: 2018-02-28T09:36:41-07:00   5df83ae6f6d78122e3b265612ccc2a65
templates/customers/register.liquid:
  development: 2018-02-28T09:36:41-07:00   cbd256e6fded8044771620261855d52c
templates/customers/reset_password.liquid:
  development: 2018-02-28T09:36:42-07:00   e1c74c92112bc2f093fff2cde441fae0
templates/gift_card.liquid:
  development: 2018-02-28T09:36:42-07:00   ad6263c421d7e388e1f0ddd86d2720d7
templates/index.liquid:
  development: 2018-06-13T20:44:19-06:00   10d9cde748af21e75845cd882cb0afef
templates/page.contact.liquid:
  development: 2018-02-28T09:36:42-07:00   89e9a11402eb9ecef902dcb0fd6250b8
templates/page.liquid:
  development: 2018-02-28T09:36:42-07:00   639fc6f7f2059cb1b9f9fcdc102c53b7
templates/page.survey.liquid:
  development: 2018-06-13T22:50:42-06:00   c33e9cb703ade557da5a82eb9abe9392
templates/password.liquid:
  development: 2018-02-28T09:36:42-07:00   e514be4f3d7bee3b320393d62d465531
templates/product.liquid:
  development: 2018-02-28T09:36:42-07:00   09d03d1803aa3a4b741a21428b2706d5
templates/search.liquid:
  development: 2018-02-28T09:36:42-07:00   5385cb0f55a87cd4a8ac69ae441a2860
