# THIS IS AN AUTOGENERATED FILE. DO NOT EDIT THIS FILE DIRECTLY.
assets/custom.css:
  development: 2018-06-16T11:17:01-06:00   1f968d32e1f1cb8fd1efd5aa03b5959e
assets/frissky.bundle.js:
  development: 2018-06-14T22:56:45-06:00   e9040175c61a0a29266fb5f046a40e92
assets/homepage-demo.jpg:
  development: 2018-06-15T16:41:18-06:00   71b708153175ffa3666247047e5cad73
assets/homepage-hero.jpg:
  development: 2018-06-15T16:32:00-06:00   d5a35fd9c20b8ed400f5623d5c51db64
assets/homepage-mission-1.jpg:
  development: 2018-06-15T16:38:35-06:00   f414649934f0fff99b263be944a4750e
assets/homepage-mission-2.jpg:
  development: 2018-06-15T16:38:53-06:00   e135c07a4ccf7f6dd36fcbd6caa51828
assets/homepage-mission-3.jpg:
  development: 2018-06-15T16:39:02-06:00   8834df8abc0af45e7168b4dabc90a4a9
assets/homepage-mission-4.jpg:
  development: 2018-06-15T16:39:14-06:00   a7c6f03d937acc90fe7af2cf090c39f2
assets/homepage-why.jpg:
  development: 2018-06-15T16:40:21-06:00   644b9af43ae1433e6a23bacf7bb9c675
sections/footer.liquid:
  development: 2018-06-16T10:18:10-06:00   c7a74b7bc3c4b04156f66cb3d10a3e07
sections/header.liquid:
  development: 2018-06-16T11:16:24-06:00   007b66af62091a1edc1407162808efc8
snippets/footer-friss.liquid:
  development: 2018-06-16T11:16:03-06:00   a9d3219bab2d77b0d49aab6844f5fa92
snippets/header-tools-cart.liquid:
  development: 2018-06-15T17:19:28-06:00   ba0d37a72d58c2f7384b5c0cf9e2e231
snippets/header-tools.liquid:
  development: 2018-06-15T17:26:23-06:00   aa30b0481e9d7a1127375ccd5c584159
snippets/homepage-process-icon-clipboard.svg.liquid:
  development: 2018-06-15T17:03:13-06:00   ae9fa9bb9548768f425079afdb8867b6
snippets/homepage-process-icon-messages.svg.liquid:
  development: 2018-06-15T17:03:46-06:00   cdca7bbf3246e810c24f26ef5a18b028
snippets/homepage-process-icon-products.svg.liquid:
  development: 2018-06-15T17:04:06-06:00   f006f142bc80fb66b78c0689b696fb62
snippets/social-icon-facebook.svg.liquid:
  development: 2018-06-16T10:51:02-06:00   58088b96317d135f8080c44e9d4a5906
snippets/social-icon-instagram.svg.liquid:
  development: 2018-06-16T10:51:17-06:00   93982562a17fec96fce5e568dded6806
snippets/social-icon-mail.svg.liquid:
  development: 2018-06-16T10:51:26-06:00   8fc120c124c43a19237f23cc6cb7cc0b
snippets/social-icon-twitter.svg.liquid:
  development: 2018-06-16T10:51:36-06:00   8c5814511eb1fc16451a8e2dd8ef3954
snippets/social-links.liquid:
  development: 2018-06-16T10:44:20-06:00   8bccb61fae811f3f915036821f59f401
templates/index.liquid:
  development: 2018-06-15T17:08:42-06:00   a37284388acf79960387e8c3d34d32d3
